
Microsoft Visual Studio Solution File, Format Version 12.00
# Visual Studio Version 17
VisualStudioVersion = 17.4.33213.308
MinimumVisualStudioVersion = 10.0.40219.1
Project("{FAE04EC0-301F-11D3-BF4B-00C04F79EFBC}") = "HrontMUD", "HrontMUD\HrontMUD.csproj", "{B345F44C-657E-4E3D-B155-2B98EED32862}"
EndProject
Global
	GlobalSection(SolutionConfigurationPlatforms) = preSolution
		Debug|Any CPU = Debug|Any CPU
		Release|Any CPU = Release|Any CPU
	EndGlobalSection
	GlobalSection(ProjectConfigurationPlatforms) = postSolution
		{B345F44C-657E-4E3D-B155-2B98EED32862}.Debug|Any CPU.ActiveCfg = Debug|Any CPU
		{B345F44C-657E-4E3D-B155-2B98EED32862}.Debug|Any CPU.Build.0 = Debug|Any CPU
		{B345F44C-657E-4E3D-B155-2B98EED32862}.Release|Any CPU.ActiveCfg = Release|Any CPU
		{B345F44C-657E-4E3D-B155-2B98EED32862}.Release|Any CPU.Build.0 = Release|Any CPU
	EndGlobalSection
	GlobalSection(SolutionProperties) = preSolution
		HideSolutionNode = FALSE
	EndGlobalSection
	GlobalSection(ExtensibilityGlobals) = postSolution
		SolutionGuid = {04D9F094-2A84-48AB-AD6C-2DE1915BCCED}
	EndGlobalSection
EndGlobal
